// !$*UTF8*$!
{
	archiveVersion = 1;
	classes = {
	};
	objectVersion = 55;
	objects = {

/* Begin PBXBuildFile section */
		4B74AF832880894D001116E5 /* AppDelegate.swift in Sources */ = {isa = PBXBuildFile; fileRef = 4B74AF822880894D001116E5 /* AppDelegate.swift */; };
		4B74AF852880894D001116E5 /* SceneDelegate.swift in Sources */ = {isa = PBXBuildFile; fileRef = 4B74AF842880894D001116E5 /* SceneDelegate.swift */; };
		4B74AF872880894D001116E5 /* ViewController.swift in Sources */ = {isa = PBXBuildFile; fileRef = 4B74AF862880894D001116E5 /* ViewController.swift */; };
		4B74AF8C2880894E001116E5 /* Assets.xcassets in Resources */ = {isa = PBXBuildFile; fileRef = 4B74AF8B2880894E001116E5 /* Assets.xcassets */; };
		4B74AF8F2880894E001116E5 /* LaunchScreen.storyboard in Resources */ = {isa = PBXBuildFile; fileRef = 4B74AF8D2880894E001116E5 /* LaunchScreen.storyboard */; };
		4B74AF9728808BBB001116E5 /* Sourse.swift in Sources */ = {isa = PBXBuildFile; fileRef = 4B74AF9628808BBB001116E5 /* Sourse.swift */; };
		4B74AF9928808BD1001116E5 /* TableCell.swift in Sources */ = {isa = PBXBuildFile; fileRef = 4B74AF9828808BD1001116E5 /* TableCell.swift */; };
		4B74AF9D28809662001116E5 /* LoginKeyViewController.swift in Sources */ = {isa = PBXBuildFile; fileRef = 4B74AF9C28809662001116E5 /* LoginKeyViewController.swift */; };
		4B74AFA028809778001116E5 /* SettingsViewController.swift in Sources */ = {isa = PBXBuildFile; fileRef = 4B74AF9F28809778001116E5 /* SettingsViewController.swift */; };
		4B74AFA22880979A001116E5 /* ParametrsViewCell.swift in Sources */ = {isa = PBXBuildFile; fileRef = 4B74AFA12880979A001116E5 /* ParametrsViewCell.swift */; };
		B6F6011B439F9D5ABA585A1D /* Pods_FileManagerI_Ios_18.framework in Frameworks */ = {isa = PBXBuildFile; fileRef = 3D4B6AC7ABCD623B05DA8746 /* Pods_FileManagerI_Ios_18.framework */; };
/* End PBXBuildFile section */

/* Begin PBXFileReference section */
		246B0CC591B53EE75D7838D7 /* Pods-FileManagerI_Ios-18.debug.xcconfig */ = {isa = PBXFileReference; includeInIndex = 1; lastKnownFileType = text.xcconfig; name = "Pods-FileManagerI_Ios-18.debug.xcconfig"; path = "Target Support Files/Pods-FileManagerI_Ios-18/Pods-FileManagerI_Ios-18.debug.xcconfig"; sourceTree = "<group>"; };
		3D4B6AC7ABCD623B05DA8746 /* Pods_FileManagerI_Ios_18.framework */ = {isa = PBXFileReference; explicitFileType = wrapper.framework; includeInIndex = 0; path = Pods_FileManagerI_Ios_18.framework; sourceTree = BUILT_PRODUCTS_DIR; };
		4B74AF7F2880894D001116E5 /* FileManagerI_Ios-18.app */ = {isa = PBXFileReference; explicitFileType = wrapper.application; includeInIndex = 0; path = "FileManagerI_Ios-18.app"; sourceTree = BUILT_PRODUCTS_DIR; };
		4B74AF822880894D001116E5 /* AppDelegate.swift */ = {isa = PBXFileReference; lastKnownFileType = sourcecode.swift; path = AppDelegate.swift; sourceTree = "<group>"; };
		4B74AF842880894D001116E5 /* SceneDelegate.swift */ = {isa = PBXFileReference; lastKnownFileType = sourcecode.swift; path = SceneDelegate.swift; sourceTree = "<group>"; };
		4B74AF862880894D001116E5 /* ViewController.swift */ = {isa = PBXFileReference; lastKnownFileType = sourcecode.swift; path = ViewController.swift; sourceTree = "<group>"; };
		4B74AF8B2880894E001116E5 /* Assets.xcassets */ = {isa = PBXFileReference; lastKnownFileType = folder.assetcatalog; path = Assets.xcassets; sourceTree = "<group>"; };
		4B74AF8E2880894E001116E5 /* Base */ = {isa = PBXFileReference; lastKnownFileType = file.storyboard; name = Base; path = Base.lproj/LaunchScreen.storyboard; sourceTree = "<group>"; };
		4B74AF902880894E001116E5 /* Info.plist */ = {isa = PBXFileReference; lastKnownFileType = text.plist.xml; path = Info.plist; sourceTree = "<group>"; };
		4B74AF9628808BBB001116E5 /* Sourse.swift */ = {isa = PBXFileReference; lastKnownFileType = sourcecode.swift; path = Sourse.swift; sourceTree = "<group>"; };
		4B74AF9828808BD1001116E5 /* TableCell.swift */ = {isa = PBXFileReference; lastKnownFileType = sourcecode.swift; path = TableCell.swift; sourceTree = "<group>"; };
		4B74AF9C28809662001116E5 /* LoginKeyViewController.swift */ = {isa = PBXFileReference; lastKnownFileType = sourcecode.swift; path = LoginKeyViewController.swift; sourceTree = "<group>"; };
		4B74AF9F28809778001116E5 /* SettingsViewController.swift */ = {isa = PBXFileReference; lastKnownFileType = sourcecode.swift; path = SettingsViewController.swift; sourceTree = "<group>"; };
		4B74AFA12880979A001116E5 /* ParametrsViewCell.swift */ = {isa = PBXFileReference; lastKnownFileType = sourcecode.swift; path = ParametrsViewCell.swift; sourceTree = "<group>"; };
		E25720E15D51240DC88E07DA /* Pods-FileManagerI_Ios-18.release.xcconfig */ = {isa = PBXFileReference; includeInIndex = 1; lastKnownFileType = text.xcconfig; name = "Pods-FileManagerI_Ios-18.release.xcconfig"; path = "Target Support Files/Pods-FileManagerI_Ios-18/Pods-FileManagerI_Ios-18.release.xcconfig"; sourceTree = "<group>"; };
/* End PBXFileReference section */

/* Begin PBXFrameworksBuildPhase section */
		4B74AF7C2880894D001116E5 /* Frameworks */ = {
			isa = PBXFrameworksBuildPhase;
			buildActionMask = 2147483647;
			files = (
				B6F6011B439F9D5ABA585A1D /* Pods_FileManagerI_Ios_18.framework in Frameworks */,
			);
			runOnlyForDeploymentPostprocessing = 0;
		};
/* End PBXFrameworksBuildPhase section */

/* Begin PBXGroup section */
		2E7D0A60A9DEDDE02CE6FE52 /* Frameworks */ = {
			isa = PBXGroup;
			children = (
				3D4B6AC7ABCD623B05DA8746 /* Pods_FileManagerI_Ios_18.framework */,
			);
			name = Frameworks;
			sourceTree = "<group>";
		};
		4B74AF762880894D001116E5 = {
			isa = PBXGroup;
			children = (
				4B74AF812880894D001116E5 /* FileManagerI_Ios-18 */,
				4B74AF802880894D001116E5 /* Products */,
				C13FE91A0BC4F302DC2730C4 /* Pods */,
				2E7D0A60A9DEDDE02CE6FE52 /* Frameworks */,
			);
			sourceTree = "<group>";
		};
		4B74AF802880894D001116E5 /* Products */ = {
			isa = PBXGroup;
			children = (
				4B74AF7F2880894D001116E5 /* FileManagerI_Ios-18.app */,
			);
			name = Products;
			sourceTree = "<group>";
		};
		4B74AF812880894D001116E5 /* FileManagerI_Ios-18 */ = {
			isa = PBXGroup;
			children = (
				4BCFB8822880A51200F4149E /* Main */,
				4B74AF9E288096CE001116E5 /* Seting */,
				4B74AF9B2880961E001116E5 /* LoginKeychain */,
				4B74AF9A288095C7001116E5 /* FileManager */,
			);
			path = "FileManagerI_Ios-18";
			sourceTree = "<group>";
		};
		4B74AF9A288095C7001116E5 /* FileManager */ = {
			isa = PBXGroup;
			children = (
				4B74AF862880894D001116E5 /* ViewController.swift */,
				4B74AF9828808BD1001116E5 /* TableCell.swift */,
				4B74AF9628808BBB001116E5 /* Sourse.swift */,
			);
			path = FileManager;
			sourceTree = "<group>";
		};
		4B74AF9B2880961E001116E5 /* LoginKeychain */ = {
			isa = PBXGroup;
			children = (
				4B74AF9C28809662001116E5 /* LoginKeyViewController.swift */,
			);
			path = LoginKeychain;
			sourceTree = "<group>";
		};
		4B74AF9E288096CE001116E5 /* Seting */ = {
			isa = PBXGroup;
			children = (
				4B74AF9F28809778001116E5 /* SettingsViewController.swift */,
				4B74AFA12880979A001116E5 /* ParametrsViewCell.swift */,
			);
			path = Seting;
			sourceTree = "<group>";
		};
		4BCFB8822880A51200F4149E /* Main */ = {
			isa = PBXGroup;
			children = (
				4B74AF822880894D001116E5 /* AppDelegate.swift */,
				4B74AF842880894D001116E5 /* SceneDelegate.swift */,
				4B74AF8D2880894E001116E5 /* LaunchScreen.storyboard */,
				4B74AF8B2880894E001116E5 /* Assets.xcassets */,
				4B74AF902880894E001116E5 /* Info.plist */,
			);
			path = Main;
			sourceTree = "<group>";
		};
		C13FE91A0BC4F302DC2730C4 /* Pods */ = {
			isa = PBXGroup;
			children = (
				246B0CC591B53EE75D7838D7 /* Pods-FileManagerI_Ios-18.debug.xcconfig */,
				E25720E15D51240DC88E07DA /* Pods-FileManagerI_Ios-18.release.xcconfig */,
			);
			path = Pods;
			sourceTree = "<group>";
		};
/* End PBXGroup section */

/* Begin PBXNativeTarget section */
		4B74AF7E2880894D001116E5 /* FileManagerI_Ios-18 */ = {
			isa = PBXNativeTarget;
			buildConfigurationList = 4B74AF932880894E001116E5 /* Build configuration list for PBXNativeTarget "FileManagerI_Ios-18" */;
			buildPhases = (
				822D67EF117D717F5E4EE3D7 /* [CP] Check Pods Manifest.lock */,
				4B74AF7B2880894D001116E5 /* Sources */,
				4B74AF7C2880894D001116E5 /* Frameworks */,
				4B74AF7D2880894D001116E5 /* Resources */,
				5A68E5A887725B065BC4BF2E /* [CP] Embed Pods Frameworks */,
			);
			buildRules = (
			);
			dependencies = (
			);
			name = "FileManagerI_Ios-18";
			productName = "FileManagerI_Ios-18";
			productReference = 4B74AF7F2880894D001116E5 /* FileManagerI_Ios-18.app */;
			productType = "com.apple.product-type.application";
		};
/* End PBXNativeTarget section */

/* Begin PBXProject section */
		4B74AF772880894D001116E5 /* Project object */ = {
			isa = PBXProject;
			attributes = {
				BuildIndependentTargetsInParallel = 1;
				LastSwiftUpdateCheck = 1330;
				LastUpgradeCheck = 1330;
				TargetAttributes = {
					4B74AF7E2880894D001116E5 = {
						CreatedOnToolsVersion = 13.3.1;
					};
				};
			};
			buildConfigurationList = 4B74AF7A2880894D001116E5 /* Build configuration list for PBXProject "FileManagerI_Ios-18" */;
			compatibilityVersion = "Xcode 13.0";
			developmentRegion = en;
			hasScannedForEncodings = 0;
			knownRegions = (
				en,
				Base,
			);
			mainGroup = 4B74AF762880894D001116E5;
			productRefGroup = 4B74AF802880894D001116E5 /* Products */;
			projectDirPath = "";
			projectRoot = "";
			targets = (
				4B74AF7E2880894D001116E5 /* FileManagerI_Ios-18 */,
			);
		};
/* End PBXProject section */

/* Begin PBXResourcesBuildPhase section */
		4B74AF7D2880894D001116E5 /* Resources */ = {
			isa = PBXResourcesBuildPhase;
			buildActionMask = 2147483647;
			files = (
				4B74AF8F2880894E001116E5 /* LaunchScreen.storyboard in Resources */,
				4B74AF8C2880894E001116E5 /* Assets.xcassets in Resources */,
			);
			runOnlyForDeploymentPostprocessing = 0;
		};
/* End PBXResourcesBuildPhase section */

/* Begin PBXShellScriptBuildPhase section */
		5A68E5A887725B065BC4BF2E /* [CP] Embed Pods Frameworks */ = {
			isa = PBXShellScriptBuildPhase;
			buildActionMask = 2147483647;
			files = (
			);
			inputFileListPaths = (
				"${PODS_ROOT}/Target Support Files/Pods-FileManagerI_Ios-18/Pods-FileManagerI_Ios-18-frameworks-${CONFIGURATION}-input-files.xcfilelist",
			);
			name = "[CP] Embed Pods Frameworks";
			outputFileListPaths = (
				"${PODS_ROOT}/Target Support Files/Pods-FileManagerI_Ios-18/Pods-FileManagerI_Ios-18-frameworks-${CONFIGURATION}-output-files.xcfilelist",
			);
			runOnlyForDeploymentPostprocessing = 0;
			shellPath = /bin/sh;
			shellScript = "\"${PODS_ROOT}/Target Support Files/Pods-FileManagerI_Ios-18/Pods-FileManagerI_Ios-18-frameworks.sh\"\n";
			showEnvVarsInLog = 0;
		};
		822D67EF117D717F5E4EE3D7 /* [CP] Check Pods Manifest.lock */ = {
			isa = PBXShellScriptBuildPhase;
			buildActionMask = 2147483647;
			files = (
			);
			inputFileListPaths = (
			);
			inputPaths = (
				"${PODS_PODFILE_DIR_PATH}/Podfile.lock",
				"${PODS_ROOT}/Manifest.lock",
			);
			name = "[CP] Check Pods Manifest.lock";
			outputFileListPaths = (
			);
			outputPaths = (
				"$(DERIVED_FILE_DIR)/Pods-FileManagerI_Ios-18-checkManifestLockResult.txt",
			);
			runOnlyForDeploymentPostprocessing = 0;
			shellPath = /bin/sh;
			shellScript = "diff \"${PODS_PODFILE_DIR_PATH}/Podfile.lock\" \"${PODS_ROOT}/Manifest.lock\" > /dev/null\nif [ $? != 0 ] ; then\n    # print error to STDERR\n    echo \"error: The sandbox is not in sync with the Podfile.lock. Run 'pod install' or update your CocoaPods installation.\" >&2\n    exit 1\nfi\n# This output is used by Xcode 'outputs' to avoid re-running this script phase.\necho \"SUCCESS\" > \"${SCRIPT_OUTPUT_FILE_0}\"\n";
			showEnvVarsInLog = 0;
		};
/* End PBXShellScriptBuildPhase section */

/* Begin PBXSourcesBuildPhase section */
		4B74AF7B2880894D001116E5 /* Sources */ = {
			isa = PBXSourcesBuildPhase;
			buildActionMask = 2147483647;
			files = (
				4B74AF9928808BD1001116E5 /* TableCell.swift in Sources */,
				4B74AF9728808BBB001116E5 /* Sourse.swift in Sources */,
				4B74AF9D28809662001116E5 /* LoginKeyViewController.swift in Sources */,
				4B74AFA22880979A001116E5 /* ParametrsViewCell.swift in Sources */,
				4B74AF872880894D001116E5 /* ViewController.swift in Sources */,
				4B74AFA028809778001116E5 /* SettingsViewController.swift in Sources */,
				4B74AF832880894D001116E5 /* AppDelegate.swift in Sources */,
				4B74AF852880894D001116E5 /* SceneDelegate.swift in Sources */,
			);
			runOnlyForDeploymentPostprocessing = 0;
		};
/* End PBXSourcesBuildPhase section */

/* Begin PBXVariantGroup section */
		4B74AF8D2880894E001116E5 /* LaunchScreen.storyboard */ = {
			isa = PBXVariantGroup;
			children = (
				4B74AF8E2880894E001116E5 /* Base */,
			);
			name = LaunchScreen.storyboard;
			sourceTree = "<group>";
		};
/* End PBXVariantGroup section */

/* Begin XCBuildConfiguration section */
		4B74AF912880894E001116E5 /* Debug */ = {
			isa = XCBuildConfiguration;
			buildSettings = {
				ALWAYS_SEARCH_USER_PATHS = NO;
				CLANG_ANALYZER_NONNULL = YES;
				CLANG_ANALYZER_NUMBER_OBJECT_CONVERSION = YES_AGGRESSIVE;
				CLANG_CXX_LANGUAGE_STANDARD = "gnu++17";
				CLANG_ENABLE_MODULES = YES;
				CLANG_ENABLE_OBJC_ARC = YES;
				CLANG_ENABLE_OBJC_WEAK = YES;
				CLANG_WARN_BLOCK_CAPTURE_AUTORELEASING = YES;
				CLANG_WARN_BOOL_CONVERSION = YES;
				CLANG_WARN_COMMA = YES;
				CLANG_WARN_CONSTANT_CONVERSION = YES;
				CLANG_WARN_DEPRECATED_OBJC_IMPLEMENTATIONS = YES;
				CLANG_WARN_DIRECT_OBJC_ISA_USAGE = YES_ERROR;
				CLANG_WARN_DOCUMENTATION_COMMENTS = YES;
				CLANG_WARN_EMPTY_BODY = YES;
				CLANG_WARN_ENUM_CONVERSION = YES;
				CLANG_WARN_INFINITE_RECURSION = YES;
				CLANG_WARN_INT_CONVERSION = YES;
				CLANG_WARN_NON_LITERAL_NULL_CONVERSION = YES;
				CLANG_WARN_OBJC_IMPLICIT_RETAIN_SELF = YES;
				CLANG_WARN_OBJC_LITERAL_CONVERSION = YES;
				CLANG_WARN_OBJC_ROOT_CLASS = YES_ERROR;
				CLANG_WARN_QUOTED_INCLUDE_IN_FRAMEWORK_HEADER = YES;
				CLANG_WARN_RANGE_LOOP_ANALYSIS = YES;
				CLANG_WARN_STRICT_PROTOTYPES = YES;
				CLANG_WARN_SUSPICIOUS_MOVE = YES;
				CLANG_WARN_UNGUARDED_AVAILABILITY = YES_AGGRESSIVE;
				CLANG_WARN_UNREACHABLE_CODE = YES;
				CLANG_WARN__DUPLICATE_METHOD_MATCH = YES;
				COPY_PHASE_STRIP = NO;
				DEBUG_INFORMATION_FORMAT = dwarf;
				ENABLE_STRICT_OBJC_MSGSEND = YES;
				ENABLE_TESTABILITY = YES;
				GCC_C_LANGUAGE_STANDARD = gnu11;
				GCC_DYNAMIC_NO_PIC = NO;
				GCC_NO_COMMON_BLOCKS = YES;
				GCC_OPTIMIZATION_LEVEL = 0;
				GCC_PREPROCESSOR_DEFINITIONS = (
					"DEBUG=1",
					"$(inherited)",
				);
				GCC_WARN_64_TO_32_BIT_CONVERSION = YES;
				GCC_WARN_ABOUT_RETURN_TYPE = YES_ERROR;
				GCC_WARN_UNDECLARED_SELECTOR = YES;
				GCC_WARN_UNINITIALIZED_AUTOS = YES_AGGRESSIVE;
				GCC_WARN_UNUSED_FUNCTION = YES;
				GCC_WARN_UNUSED_VARIABLE = YES;
				IPHONEOS_DEPLOYMENT_TARGET = 15.4;
				MTL_ENABLE_DEBUG_INFO = INCLUDE_SOURCE;
				MTL_FAST_MATH = YES;
				ONLY_ACTIVE_ARCH = YES;
				SDKROOT = iphoneos;
				SWIFT_ACTIVE_COMPILATION_CONDITIONS = DEBUG;
				SWIFT_OPTIMIZATION_LEVEL = "-Onone";
			};
			name = Debug;
		};
		4B74AF922880894E001116E5 /* Release */ = {
			isa = XCBuildConfiguration;
			buildSettings = {
				ALWAYS_SEARCH_USER_PATHS = NO;
				CLANG_ANALYZER_NONNULL = YES;
				CLANG_ANALYZER_NUMBER_OBJECT_CONVERSION = YES_AGGRESSIVE;
				CLANG_CXX_LANGUAGE_STANDARD = "gnu++17";
				CLANG_ENABLE_MODULES = YES;
				CLANG_ENABLE_OBJC_ARC = YES;
				CLANG_ENABLE_OBJC_WEAK = YES;
				CLANG_WARN_BLOCK_CAPTURE_AUTORELEASING = YES;
				CLANG_WARN_BOOL_CONVERSION = YES;
				CLANG_WARN_COMMA = YES;
				CLANG_WARN_CONSTANT_CONVERSION = YES;
				CLANG_WARN_DEPRECATED_OBJC_IMPLEMENTATIONS = YES;
				CLANG_WARN_DIRECT_OBJC_ISA_USAGE = YES_ERROR;
				CLANG_WARN_DOCUMENTATION_COMMENTS = YES;
				CLANG_WARN_EMPTY_BODY = YES;
				CLANG_WARN_ENUM_CONVERSION = YES;
				CLANG_WARN_INFINITE_RECURSION = YES;
				CLANG_WARN_INT_CONVERSION = YES;
				CLANG_WARN_NON_LITERAL_NULL_CONVERSION = YES;
				CLANG_WARN_OBJC_IMPLICIT_RETAIN_SELF = YES;
				CLANG_WARN_OBJC_LITERAL_CONVERSION = YES;
				CLANG_WARN_OBJC_ROOT_CLASS = YES_ERROR;
				CLANG_WARN_QUOTED_INCLUDE_IN_FRAMEWORK_HEADER = YES;
				CLANG_WARN_RANGE_LOOP_ANALYSIS = YES;
				CLANG_WARN_STRICT_PROTOTYPES = YES;
				CLANG_WARN_SUSPICIOUS_MOVE = YES;
				CLANG_WARN_UNGUARDED_AVAILABILITY = YES_AGGRESSIVE;
				CLANG_WARN_UNREACHABLE_CODE = YES;
				CLANG_WARN__DUPLICATE_METHOD_MATCH = YES;
				COPY_PHASE_STRIP = NO;
				DEBUG_INFORMATION_FORMAT = "dwarf-with-dsym";
				ENABLE_NS_ASSERTIONS = NO;
				ENABLE_STRICT_OBJC_MSGSEND = YES;
				GCC_C_LANGUAGE_STANDARD = gnu11;
				GCC_NO_COMMON_BLOCKS = YES;
				GCC_WARN_64_TO_32_BIT_CONVERSION = YES;
				GCC_WARN_ABOUT_RETURN_TYPE = YES_ERROR;
				GCC_WARN_UNDECLARED_SELECTOR = YES;
				GCC_WARN_UNINITIALIZED_AUTOS = YES_AGGRESSIVE;
				GCC_WARN_UNUSED_FUNCTION = YES;
				GCC_WARN_UNUSED_VARIABLE = YES;
				IPHONEOS_DEPLOYMENT_TARGET = 15.4;
				MTL_ENABLE_DEBUG_INFO = NO;
				MTL_FAST_MATH = YES;
				SDKROOT = iphoneos;
				SWIFT_COMPILATION_MODE = wholemodule;
				SWIFT_OPTIMIZATION_LEVEL = "-O";
				VALIDATE_PRODUCT = YES;
			};
			name = Release;
		};
		4B74AF942880894E001116E5 /* Debug */ = {
			isa = XCBuildConfiguration;
			baseConfigurationReference = 246B0CC591B53EE75D7838D7 /* Pods-FileManagerI_Ios-18.debug.xcconfig */;
			buildSettings = {
				ASSETCATALOG_COMPILER_APPICON_NAME = AppIcon;
				ASSETCATALOG_COMPILER_GLOBAL_ACCENT_COLOR_NAME = AccentColor;
				CODE_SIGN_STYLE = Automatic;
				CURRENT_PROJECT_VERSION = 1;
				DEVELOPMENT_TEAM = YYBC2YP9HG;
				GENERATE_INFOPLIST_FILE = YES;
				INFOPLIST_FILE = "FileManagerI_Ios-18/Info.plist";
				INFOPLIST_KEY_UIApplicationSupportsIndirectInputEvents = YES;
				INFOPLIST_KEY_UILaunchStoryboardName = LaunchScreen;
				INFOPLIST_KEY_UISupportedInterfaceOrientations_iPad = "UIInterfaceOrientationPortrait UIInterfaceOrientationPortraitUpsideDown UIInterfaceOrientationLandscapeLeft UIInterfaceOrientationLandscapeRight";
				INFOPLIST_KEY_UISupportedInterfaceOrientations_iPhone = "UIInterfaceOrientationPortrait UIInterfaceOrientationLandscapeLeft UIInterfaceOrientationLandscapeRight";
				LD_RUNPATH_SEARCH_PATHS = (
					"$(inherited)",
					"@executable_path/Frameworks",
				);
				MARKETING_VERSION = 1.0;
				PRODUCT_BUNDLE_IDENTIFIER = "com.ios-18Nariman.FileManagerI-Ios-18";
				PRODUCT_NAME = "$(TARGET_NAME)";
				SWIFT_EMIT_LOC_STRINGS = YES;
				SWIFT_VERSION = 5.0;
				TARGETED_DEVICE_FAMILY = "1,2";
			};
			name = Debug;
		};
		4B74AF952880894E001116E5 /* Release */ = {
			isa = XCBuildConfiguration;
			baseConfigurationReference = E25720E15D51240DC88E07DA /* Pods-FileManagerI_Ios-18.release.xcconfig */;
			buildSettings = {
				ASSETCATALOG_COMPILER_APPICON_NAME = AppIcon;
				ASSETCATALOG_COMPILER_GLOBAL_ACCENT_COLOR_NAME = AccentColor;
				CODE_SIGN_STYLE = Automatic;
				CURRENT_PROJECT_VERSION = 1;
				DEVELOPMENT_TEAM = YYBC2YP9HG;
				GENERATE_INFOPLIST_FILE = YES;
				INFOPLIST_FILE = "FileManagerI_Ios-18/Info.plist";
				INFOPLIST_KEY_UIApplicationSupportsIndirectInputEvents = YES;
				INFOPLIST_KEY_UILaunchStoryboardName = LaunchScreen;
				INFOPLIST_KEY_UISupportedInterfaceOrientations_iPad = "UIInterfaceOrientationPortrait UIInterfaceOrientationPortraitUpsideDown UIInterfaceOrientationLandscapeLeft UIInterfaceOrientationLandscapeRight";
				INFOPLIST_KEY_UISupportedInterfaceOrientations_iPhone = "UIInterfaceOrientationPortrait UIInterfaceOrientationLandscapeLeft UIInterfaceOrientationLandscapeRight";
				LD_RUNPATH_SEARCH_PATHS = (
					"$(inherited)",
					"@executable_path/Frameworks",
				);
				MARKETING_VERSION = 1.0;
				PRODUCT_BUNDLE_IDENTIFIER = "com.ios-18Nariman.FileManagerI-Ios-18";
				PRODUCT_NAME = "$(TARGET_NAME)";
				SWIFT_EMIT_LOC_STRINGS = YES;
				SWIFT_VERSION = 5.0;
				TARGETED_DEVICE_FAMILY = "1,2";
			};
			name = Release;
		};
/* End XCBuildConfiguration section */

/* Begin XCConfigurationList section */
		4B74AF7A2880894D001116E5 /* Build configuration list for PBXProject "FileManagerI_Ios-18" */ = {
			isa = XCConfigurationList;
			buildConfigurations = (
				4B74AF912880894E001116E5 /* Debug */,
				4B74AF922880894E001116E5 /* Release */,
			);
			defaultConfigurationIsVisible = 0;
			defaultConfigurationName = Release;
		};
		4B74AF932880894E001116E5 /* Build configuration list for PBXNativeTarget "FileManagerI_Ios-18" */ = {
			isa = XCConfigurationList;
			buildConfigurations = (
				4B74AF942880894E001116E5 /* Debug */,
				4B74AF952880894E001116E5 /* Release */,
			);
			defaultConfigurationIsVisible = 0;
			defaultConfigurationName = Release;
		};
/* End XCConfigurationList section */
	};
	rootObject = 4B74AF772880894D001116E5 /* Project object */;
}
